PODS:
  - IQKeyboardManagerSwift (6.5.10)
  - Kingfisher (7.2.4)
  - ProgressHUD (13.6)

DEPENDENCIES:
  - IQKeyboardManagerSwift
  - Kingfisher
  - ProgressHUD

SPEC REPOS:
  trunk:
    - IQKeyboardManagerSwift
    - Kingfisher
    - ProgressHUD

SPEC CHECKSUMS:
  IQKeyboardManagerSwift: 52962c76ab33532f15ad9f3ff4e5715eda5335bb
  Kingfisher: 2457be2121734e69e54a2312ecc0150eb9ae70b3
  ProgressHUD: 4bdaa0d2ddf676b23324b199f9facffb5c3a1620

PODFILE CHECKSUM: aaa1fe3ea42c58ea3cece765c464ab482506c287

COCOAPODS: 1.11.3
